
Microsoft Visual Studio Solution File, Format Version 12.00
# Visual Studio Version 17
VisualStudioVersion = 17.10.35013.160
MinimumVisualStudioVersion = 10.0.40219.1
Project("{9A19103F-16F7-4668-BE54-9A1E7A4F7556}") = "PiolaWeb", "PiolaWeb\PiolaWeb.csproj", "{E4AFA7FE-5D81-48DE-B435-A79DA1E1907D}"
EndProject
Project("{9A19103F-16F7-4668-BE54-9A1E7A4F7556}") = "WebPiola", "WebPiola\WebPiola.csproj", "{40D4B14C-5559-4D5C-B1FB-8771FC84B937}"
EndProject
Project("{9A19103F-16F7-4668-BE54-9A1E7A4F7556}") = "Koalas", "Koalas\Koalas.csproj", "{6C7178C3-957A-493A-A72F-AF53EEF1E31F}"
EndProject
Global
	GlobalSection(SolutionConfigurationPlatforms) = preSolution
		Debug|Any CPU = Debug|Any CPU
		Release|Any CPU = Release|Any CPU
	EndGlobalSection
	GlobalSection(ProjectConfigurationPlatforms) = postSolution
		{E4AFA7FE-5D81-48DE-B435-A79DA1E1907D}.Debug|Any CPU.ActiveCfg = Debug|Any CPU
		{E4AFA7FE-5D81-48DE-B435-A79DA1E1907D}.Debug|Any CPU.Build.0 = Debug|Any CPU
		{E4AFA7FE-5D81-48DE-B435-A79DA1E1907D}.Release|Any CPU.ActiveCfg = Release|Any CPU
		{E4AFA7FE-5D81-48DE-B435-A79DA1E1907D}.Release|Any CPU.Build.0 = Release|Any CPU
		{40D4B14C-5559-4D5C-B1FB-8771FC84B937}.Debug|Any CPU.ActiveCfg = Debug|Any CPU
		{40D4B14C-5559-4D5C-B1FB-8771FC84B937}.Debug|Any CPU.Build.0 = Debug|Any CPU
		{40D4B14C-5559-4D5C-B1FB-8771FC84B937}.Release|Any CPU.ActiveCfg = Release|Any CPU
		{40D4B14C-5559-4D5C-B1FB-8771FC84B937}.Release|Any CPU.Build.0 = Release|Any CPU
		{6C7178C3-957A-493A-A72F-AF53EEF1E31F}.Debug|Any CPU.ActiveCfg = Debug|Any CPU
		{6C7178C3-957A-493A-A72F-AF53EEF1E31F}.Debug|Any CPU.Build.0 = Debug|Any CPU
		{6C7178C3-957A-493A-A72F-AF53EEF1E31F}.Release|Any CPU.ActiveCfg = Release|Any CPU
		{6C7178C3-957A-493A-A72F-AF53EEF1E31F}.Release|Any CPU.Build.0 = Release|Any CPU
	EndGlobalSection
	GlobalSection(SolutionProperties) = preSolution
		HideSolutionNode = FALSE
	EndGlobalSection
	GlobalSection(ExtensibilityGlobals) = postSolution
		SolutionGuid = {9846FDBA-5AC9-423B-87FA-581B25955C08}
	EndGlobalSection
EndGlobal
